
Microsoft Visual Studio Solution File, Format Version 10.00
# Visual Studio 2008
Project("{8BC9CEB8-8B4A-11D0-8D11-00A0C91BC942}") = "Server", "ServerLayer\ServerLayer.vcproj", "{84DB339D-0D30-4ED6-9621-2A2CE72413C1}"
EndProject
Project("{8BC9CEB8-8B4A-11D0-8D11-00A0C91BC942}") = "Client", "Client\Client.vcproj", "{2F6A07DE-CE6B-48D6-9E6B-A2AA1A8178A3}"
EndProject
Global
	GlobalSection(SolutionConfigurationPlatforms) = preSolution
		Debug|Win32 = Debug|Win32
		Release|Win32 = Release|Win32
	EndGlobalSection
	GlobalSection(ProjectConfigurationPlatforms) = postSolution
		{84DB339D-0D30-4ED6-9621-2A2CE72413C1}.Debug|Win32.ActiveCfg = Debug|Win32
		{84DB339D-0D30-4ED6-9621-2A2CE72413C1}.Debug|Win32.Build.0 = Debug|Win32
		{84DB339D-0D30-4ED6-9621-2A2CE72413C1}.Release|Win32.ActiveCfg = Release|Win32
		{84DB339D-0D30-4ED6-9621-2A2CE72413C1}.Release|Win32.Build.0 = Release|Win32
		{2F6A07DE-CE6B-48D6-9E6B-A2AA1A8178A3}.Debug|Win32.ActiveCfg = Debug|Win32
		{2F6A07DE-CE6B-48D6-9E6B-A2AA1A8178A3}.Debug|Win32.Build.0 = Debug|Win32
		{2F6A07DE-CE6B-48D6-9E6B-A2AA1A8178A3}.Release|Win32.ActiveCfg = Release|Win32
		{2F6A07DE-CE6B-48D6-9E6B-A2AA1A8178A3}.Release|Win32.Build.0 = Release|Win32
	EndGlobalSection
	GlobalSection(SolutionProperties) = preSolution
		HideSolutionNode = FALSE
	EndGlobalSection
EndGlobal
